
Microsoft Visual Studio Solution File, Format Version 12.00
# Visual Studio Version 17
VisualStudioVersion = 17.10.35027.167
MinimumVisualStudioVersion = 10.0.40219.1
Project("{9A19103F-16F7-4668-BE54-9A1E7A4F7556}") = "Domain.Core", "Domain.Core\Domain.Core.csproj", "{F1A08D11-85AF-4321-A4CE-BB2D0AEFFDAF}"
EndProject
Project("{9A19103F-16F7-4668-BE54-9A1E7A4F7556}") = "DAL", "DAL\DAL.csproj", "{B37DB2CF-632C-445D-BE48-A3CC9D8098E1}"
EndProject
Project("{9A19103F-16F7-4668-BE54-9A1E7A4F7556}") = "API", "API\API.csproj", "{83F8155E-F39E-4E31-9ED4-ABEBE055154D}"
EndProject
Project("{E53339B2-1760-4266-BCC7-CA923CBCF16C}") = "docker-compose", "docker-compose.dcproj", "{604BF585-E907-4ADE-AAA4-57E8489CE130}"
EndProject
Global
	GlobalSection(SolutionConfigurationPlatforms) = preSolution
		Debug|Any CPU = Debug|Any CPU
		Release|Any CPU = Release|Any CPU
	EndGlobalSection
	GlobalSection(ProjectConfigurationPlatforms) = postSolution
		{F1A08D11-85AF-4321-A4CE-BB2D0AEFFDAF}.Debug|Any CPU.ActiveCfg = Debug|Any CPU
		{F1A08D11-85AF-4321-A4CE-BB2D0AEFFDAF}.Debug|Any CPU.Build.0 = Debug|Any CPU
		{F1A08D11-85AF-4321-A4CE-BB2D0AEFFDAF}.Release|Any CPU.ActiveCfg = Release|Any CPU
		{F1A08D11-85AF-4321-A4CE-BB2D0AEFFDAF}.Release|Any CPU.Build.0 = Release|Any CPU
		{B37DB2CF-632C-445D-BE48-A3CC9D8098E1}.Debug|Any CPU.ActiveCfg = Debug|Any CPU
		{B37DB2CF-632C-445D-BE48-A3CC9D8098E1}.Debug|Any CPU.Build.0 = Debug|Any CPU
		{B37DB2CF-632C-445D-BE48-A3CC9D8098E1}.Release|Any CPU.ActiveCfg = Release|Any CPU
		{B37DB2CF-632C-445D-BE48-A3CC9D8098E1}.Release|Any CPU.Build.0 = Release|Any CPU
		{83F8155E-F39E-4E31-9ED4-ABEBE055154D}.Debug|Any CPU.ActiveCfg = Debug|Any CPU
		{83F8155E-F39E-4E31-9ED4-ABEBE055154D}.Debug|Any CPU.Build.0 = Debug|Any CPU
		{83F8155E-F39E-4E31-9ED4-ABEBE055154D}.Release|Any CPU.ActiveCfg = Release|Any CPU
		{83F8155E-F39E-4E31-9ED4-ABEBE055154D}.Release|Any CPU.Build.0 = Release|Any CPU
		{604BF585-E907-4ADE-AAA4-57E8489CE130}.Debug|Any CPU.ActiveCfg = Debug|Any CPU
		{604BF585-E907-4ADE-AAA4-57E8489CE130}.Debug|Any CPU.Build.0 = Debug|Any CPU
		{604BF585-E907-4ADE-AAA4-57E8489CE130}.Release|Any CPU.ActiveCfg = Release|Any CPU
		{604BF585-E907-4ADE-AAA4-57E8489CE130}.Release|Any CPU.Build.0 = Release|Any CPU
	EndGlobalSection
	GlobalSection(SolutionProperties) = preSolution
		HideSolutionNode = FALSE
	EndGlobalSection
	GlobalSection(ExtensibilityGlobals) = postSolution
		SolutionGuid = {B07A1241-6773-4E32-B60A-28249379661C}
	EndGlobalSection
EndGlobal
