
Microsoft Visual Studio Solution File, Format Version 12.00
# Visual Studio Version 17
VisualStudioVersion = 17.10.35027.167
MinimumVisualStudioVersion = 10.0.40219.1
Project("{9A19103F-16F7-4668-BE54-9A1E7A4F7556}") = "EServiceBook", "EServiceBook.csproj", "{A0DECAD4-6213-48B8-A5F8-07294B064E74}"
EndProject
Project("{FAE04EC0-301F-11D3-BF4B-00C04F79EFBC}") = "Domain.Core", "Domain.Core\Domain.Core.csproj", "{F1A08D11-85AF-4321-A4CE-BB2D0AEFFDAF}"
EndProject
Global
	GlobalSection(SolutionConfigurationPlatforms) = preSolution
		Debug|Any CPU = Debug|Any CPU
		Release|Any CPU = Release|Any CPU
	EndGlobalSection
	GlobalSection(ProjectConfigurationPlatforms) = postSolution
		{A0DECAD4-6213-48B8-A5F8-07294B064E74}.Debug|Any CPU.ActiveCfg = Debug|Any CPU
		{A0DECAD4-6213-48B8-A5F8-07294B064E74}.Debug|Any CPU.Build.0 = Debug|Any CPU
		{A0DECAD4-6213-48B8-A5F8-07294B064E74}.Release|Any CPU.ActiveCfg = Release|Any CPU
		{A0DECAD4-6213-48B8-A5F8-07294B064E74}.Release|Any CPU.Build.0 = Release|Any CPU
		{F1A08D11-85AF-4321-A4CE-BB2D0AEFFDAF}.Debug|Any CPU.ActiveCfg = Debug|Any CPU
		{F1A08D11-85AF-4321-A4CE-BB2D0AEFFDAF}.Debug|Any CPU.Build.0 = Debug|Any CPU
		{F1A08D11-85AF-4321-A4CE-BB2D0AEFFDAF}.Release|Any CPU.ActiveCfg = Release|Any CPU
		{F1A08D11-85AF-4321-A4CE-BB2D0AEFFDAF}.Release|Any CPU.Build.0 = Release|Any CPU
	EndGlobalSection
	GlobalSection(SolutionProperties) = preSolution
		HideSolutionNode = FALSE
	EndGlobalSection
	GlobalSection(ExtensibilityGlobals) = postSolution
		SolutionGuid = {B07A1241-6773-4E32-B60A-28249379661C}
	EndGlobalSection
EndGlobal
